// !$*UTF8*$!
{
	archiveVersion = 1;
	classes = {
	};
	objectVersion = 77;
	objects = {

/* Begin PBXContainerItemProxy section */
		BF11FF6E2E3DCA3300F556C0 /* PBXContainerItemProxy */ = {
			isa = PBXContainerItemProxy;
			containerPortal = BF11FF582E3DCA3100F556C0 /* Project object */;
			proxyType = 1;
			remoteGlobalIDString = BF11FF5F2E3DCA3100F556C0;
			remoteInfo = ChargerScheduler;
		};
		BF11FF782E3DCA3300F556C0 /* PBXContainerItemProxy */ = {
			isa = PBXContainerItemProxy;
			containerPortal = BF11FF582E3DCA3100F556C0 /* Project object */;
			proxyType = 1;
			remoteGlobalIDString = BF11FF5F2E3DCA3100F556C0;
			remoteInfo = ChargerScheduler;
		};
/* End PBXContainerItemProxy section */

/* Begin PBXFileReference section */
		BF11FF602E3DCA3100F556C0 /* ChargerScheduler.app */ = {isa = PBXFileReference; explicitFileType = wrapper.application; includeInIndex = 0; path = ChargerScheduler.app; sourceTree = BUILT_PRODUCTS_DIR; };
		BF11FF6D2E3DCA3300F556C0 /* ChargerSchedulerTests.xctest */ = {isa = PBXFileReference; explicitFileType = wrapper.cfbundle; includeInIndex = 0; path = ChargerSchedulerTests.xctest; sourceTree = BUILT_PRODUCTS_DIR; };
		BF11FF772E3DCA3300F556C0 /* ChargerSchedulerUITests.xctest */ = {isa = PBXFileReference; explicitFileType = wrapper.cfbundle; includeInIndex = 0; path = ChargerSchedulerUITests.xctest; sourceTree = BUILT_PRODUCTS_DIR; };
/* End PBXFileReference section */

/* Begin PBXFileSystemSynchronizedRootGroup section */
		BF11FF622E3DCA3100F556C0 /* ChargerScheduler */ = {
			isa = PBXFileSystemSynchronizedRootGroup;
			path = ChargerScheduler;
			sourceTree = "<group>";
		};
		BF11FF702E3DCA3300F556C0 /* ChargerSchedulerTests */ = {
			isa = PBXFileSystemSynchronizedRootGroup;
			path = ChargerSchedulerTests;
			sourceTree = "<group>";
		};
		BF11FF7A2E3DCA3300F556C0 /* ChargerSchedulerUITests */ = {
			isa = PBXFileSystemSynchronizedRootGroup;
			path = ChargerSchedulerUITests;
			sourceTree = "<group>";
		};
/* End PBXFileSystemSynchronizedRootGroup section */

/* Begin PBXFrameworksBuildPhase section */
		BF11FF5D2E3DCA3100F556C0 /* Frameworks */ = {
			isa = PBXFrameworksBuildPhase;
			buildActionMask = 2147483647;
			files = (
			);
			runOnlyForDeploymentPostprocessing = 0;
		};
		BF11FF6A2E3DCA3300F556C0 /* Frameworks */ = {
			isa = PBXFrameworksBuildPhase;
			buildActionMask = 2147483647;
			files = (
			);
			runOnlyForDeploymentPostprocessing = 0;
		};
		BF11FF742E3DCA3300F556C0 /* Frameworks */ = {
			isa = PBXFrameworksBuildPhase;
			buildActionMask = 2147483647;
			files = (
			);
			runOnlyForDeploymentPostprocessing = 0;
		};
/* End PBXFrameworksBuildPhase section */

/* Begin PBXGroup section */
		BF11FF572E3DCA3100F556C0 = {
			isa = PBXGroup;
			children = (
				BF11FF622E3DCA3100F556C0 /* ChargerScheduler */,
				BF11FF702E3DCA3300F556C0 /* ChargerSchedulerTests */,
				BF11FF7A2E3DCA3300F556C0 /* ChargerSchedulerUITests */,
				BF11FF612E3DCA3100F556C0 /* Products */,
			);
			sourceTree = "<group>";
		};
		BF11FF612E3DCA3100F556C0 /* Products */ = {
			isa = PBXGroup;
			children = (
				BF11FF602E3DCA3100F556C0 /* ChargerScheduler.app */,
				BF11FF6D2E3DCA3300F556C0 /* ChargerSchedulerTests.xctest */,
				BF11FF772E3DCA3300F556C0 /* ChargerSchedulerUITests.xctest */,
			);
			name = Products;
			sourceTree = "<group>";
		};
/* End PBXGroup section */

/* Begin PBXNativeTarget section */
		BF11FF5F2E3DCA3100F556C0 /* ChargerScheduler */ = {
			isa = PBXNativeTarget;
			buildConfigurationList = BF11FF812E3DCA3300F556C0 /* Build configuration list for PBXNativeTarget "ChargerScheduler" */;
			buildPhases = (
				BF11FF5C2E3DCA3100F556C0 /* Sources */,
				BF11FF5D2E3DCA3100F556C0 /* Frameworks */,
				BF11FF5E2E3DCA3100F556C0 /* Resources */,
			);
			buildRules = (
			);
			dependencies = (
			);
			fileSystemSynchronizedGroups = (
				BF11FF622E3DCA3100F556C0 /* ChargerScheduler */,
			);
			name = ChargerScheduler;
			packageProductDependencies = (
			);
			productName = ChargerScheduler;
			productReference = BF11FF602E3DCA3100F556C0 /* ChargerScheduler.app */;
			productType = "com.apple.product-type.application";
		};
		BF11FF6C2E3DCA3300F556C0 /* ChargerSchedulerTests */ = {
			isa = PBXNativeTarget;
			buildConfigurationList = BF11FF842E3DCA3300F556C0 /* Build configuration list for PBXNativeTarget "ChargerSchedulerTests" */;
			buildPhases = (
				BF11FF692E3DCA3300F556C0 /* Sources */,
				BF11FF6A2E3DCA3300F556C0 /* Frameworks */,
				BF11FF6B2E3DCA3300F556C0 /* Resources */,
			);
			buildRules = (
			);
			dependencies = (
				BF11FF6F2E3DCA3300F556C0 /* PBXTargetDependency */,
			);
			fileSystemSynchronizedGroups = (
				BF11FF702E3DCA3300F556C0 /* ChargerSchedulerTests */,
			);
			name = ChargerSchedulerTests;
			packageProductDependencies = (
			);
			productName = ChargerSchedulerTests;
			productReference = BF11FF6D2E3DCA3300F556C0 /* ChargerSchedulerTests.xctest */;
			productType = "com.apple.product-type.bundle.unit-test";
		};
		BF11FF762E3DCA3300F556C0 /* ChargerSchedulerUITests */ = {
			isa = PBXNativeTarget;
			buildConfigurationList = BF11FF872E3DCA3300F556C0 /* Build configuration list for PBXNativeTarget "ChargerSchedulerUITests" */;
			buildPhases = (
				BF11FF732E3DCA3300F556C0 /* Sources */,
				BF11FF742E3DCA3300F556C0 /* Frameworks */,
				BF11FF752E3DCA3300F556C0 /* Resources */,
			);
			buildRules = (
			);
			dependencies = (
				BF11FF792E3DCA3300F556C0 /* PBXTargetDependency */,
			);
			fileSystemSynchronizedGroups = (
				BF11FF7A2E3DCA3300F556C0 /* ChargerSchedulerUITests */,
			);
			name = ChargerSchedulerUITests;
			packageProductDependencies = (
			);
			productName = ChargerSchedulerUITests;
			productReference = BF11FF772E3DCA3300F556C0 /* ChargerSchedulerUITests.xctest */;
			productType = "com.apple.product-type.bundle.ui-testing";
		};
/* End PBXNativeTarget section */

/* Begin PBXProject section */
		BF11FF582E3DCA3100F556C0 /* Project object */ = {
			isa = PBXProject;
			attributes = {
				BuildIndependentTargetsInParallel = 1;
				LastSwiftUpdateCheck = 1640;
				LastUpgradeCheck = 1640;
				TargetAttributes = {
					BF11FF5F2E3DCA3100F556C0 = {
						CreatedOnToolsVersion = 16.4;
					};
					BF11FF6C2E3DCA3300F556C0 = {
						CreatedOnToolsVersion = 16.4;
						TestTargetID = BF11FF5F2E3DCA3100F556C0;
					};
					BF11FF762E3DCA3300F556C0 = {
						CreatedOnToolsVersion = 16.4;
						TestTargetID = BF11FF5F2E3DCA3100F556C0;
					};
				};
			};
			buildConfigurationList = BF11FF5B2E3DCA3100F556C0 /* Build configuration list for PBXProject "ChargerScheduler" */;
			developmentRegion = en;
			hasScannedForEncodings = 0;
			knownRegions = (
				en,
				Base,
			);
			mainGroup = BF11FF572E3DCA3100F556C0;
			minimizedProjectReferenceProxies = 1;
			preferredProjectObjectVersion = 77;
			productRefGroup = BF11FF612E3DCA3100F556C0 /* Products */;
			projectDirPath = "";
			projectRoot = "";
			targets = (
				BF11FF5F2E3DCA3100F556C0 /* ChargerScheduler */,
				BF11FF6C2E3DCA3300F556C0 /* ChargerSchedulerTests */,
				BF11FF762E3DCA3300F556C0 /* ChargerSchedulerUITests */,
			);
		};
/* End PBXProject section */

/* Begin PBXResourcesBuildPhase section */
		BF11FF5E2E3DCA3100F556C0 /* Resources */ = {
			isa = PBXResourcesBuildPhase;
			buildActionMask = 2147483647;
			files = (
			);
			runOnlyForDeploymentPostprocessing = 0;
		};
		BF11FF6B2E3DCA3300F556C0 /* Resources */ = {
			isa = PBXResourcesBuildPhase;
			buildActionMask = 2147483647;
			files = (
			);
			runOnlyForDeploymentPostprocessing = 0;
		};
		BF11FF752E3DCA3300F556C0 /* Resources */ = {
			isa = PBXResourcesBuildPhase;
			buildActionMask = 2147483647;
			files = (
			);
			runOnlyForDeploymentPostprocessing = 0;
		};
/* End PBXResourcesBuildPhase section */

/* Begin PBXSourcesBuildPhase section */
		BF11FF5C2E3DCA3100F556C0 /* Sources */ = {
			isa = PBXSourcesBuildPhase;
			buildActionMask = 2147483647;
			files = (
			);
			runOnlyForDeploymentPostprocessing = 0;
		};
		BF11FF692E3DCA3300F556C0 /* Sources */ = {
			isa = PBXSourcesBuildPhase;
			buildActionMask = 2147483647;
			files = (
			);
			runOnlyForDeploymentPostprocessing = 0;
		};
		BF11FF732E3DCA3300F556C0 /* Sources */ = {
			isa = PBXSourcesBuildPhase;
			buildActionMask = 2147483647;
			files = (
			);
			runOnlyForDeploymentPostprocessing = 0;
		};
/* End PBXSourcesBuildPhase section */

/* Begin PBXTargetDependency section */
		BF11FF6F2E3DCA3300F556C0 /* PBXTargetDependency */ = {
			isa = PBXTargetDependency;
			target = BF11FF5F2E3DCA3100F556C0 /* ChargerScheduler */;
			targetProxy = BF11FF6E2E3DCA3300F556C0 /* PBXContainerItemProxy */;
		};
		BF11FF792E3DCA3300F556C0 /* PBXTargetDependency */ = {
			isa = PBXTargetDependency;
			target = BF11FF5F2E3DCA3100F556C0 /* ChargerScheduler */;
			targetProxy = BF11FF782E3DCA3300F556C0 /* PBXContainerItemProxy */;
		};
/* End PBXTargetDependency section */

/* Begin XCBuildConfiguration section */
		BF11FF7F2E3DCA3300F556C0 /* Debug */ = {
			isa = XCBuildConfiguration;
			buildSettings = {
				ALWAYS_SEARCH_USER_PATHS = NO;
				ASSETCATALOG_COMPILER_GENERATE_SWIFT_ASSET_SYMBOL_EXTENSIONS = YES;
				CLANG_ANALYZER_NONNULL = YES;
				CLANG_ANALYZER_NUMBER_OBJECT_CONVERSION = YES_AGGRESSIVE;
				CLANG_CXX_LANGUAGE_STANDARD = "gnu++20";
				CLANG_ENABLE_MODULES = YES;
				CLANG_ENABLE_OBJC_ARC = YES;
				CLANG_ENABLE_OBJC_WEAK = YES;
				CLANG_WARN_BLOCK_CAPTURE_AUTORELEASING = YES;
				CLANG_WARN_BOOL_CONVERSION = YES;
				CLANG_WARN_COMMA = YES;
				CLANG_WARN_CONSTANT_CONVERSION = YES;
				CLANG_WARN_DEPRECATED_OBJC_IMPLEMENTATIONS = YES;
				CLANG_WARN_DIRECT_OBJC_ISA_USAGE = YES_ERROR;
				CLANG_WARN_DOCUMENTATION_COMMENTS = YES;
				CLANG_WARN_EMPTY_BODY = YES;
				CLANG_WARN_ENUM_CONVERSION = YES;
				CLANG_WARN_INFINITE_RECURSION = YES;
				CLANG_WARN_INT_CONVERSION = YES;
				CLANG_WARN_NON_LITERAL_NULL_CONVERSION = YES;
				CLANG_WARN_OBJC_IMPLICIT_RETAIN_SELF = YES;
				CLANG_WARN_OBJC_LITERAL_CONVERSION = YES;
				CLANG_WARN_OBJC_ROOT_CLASS = YES_ERROR;
				CLANG_WARN_QUOTED_INCLUDE_IN_FRAMEWORK_HEADER = YES;
				CLANG_WARN_RANGE_LOOP_ANALYSIS = YES;
				CLANG_WARN_STRICT_PROTOTYPES = YES;
				CLANG_WARN_SUSPICIOUS_MOVE = YES;
				CLANG_WARN_UNGUARDED_AVAILABILITY = YES_AGGRESSIVE;
				CLANG_WARN_UNREACHABLE_CODE = YES;
				CLANG_WARN__DUPLICATE_METHOD_MATCH = YES;
				COPY_PHASE_STRIP = NO;
				DEBUG_INFORMATION_FORMAT = dwarf;
				DEVELOPMENT_TEAM = BMZMVWGL7D;
				ENABLE_STRICT_OBJC_MSGSEND = YES;
				ENABLE_TESTABILITY = YES;
				ENABLE_USER_SCRIPT_SANDBOXING = YES;
				GCC_C_LANGUAGE_STANDARD = gnu17;
				GCC_DYNAMIC_NO_PIC = NO;
				GCC_NO_COMMON_BLOCKS = YES;
				GCC_OPTIMIZATION_LEVEL = 0;
				GCC_PREPROCESSOR_DEFINITIONS = (
					"DEBUG=1",
					"$(inherited)",
				);
				GCC_WARN_64_TO_32_BIT_CONVERSION = YES;
				GCC_WARN_ABOUT_RETURN_TYPE = YES_ERROR;
				GCC_WARN_UNDECLARED_SELECTOR = YES;
				GCC_WARN_UNINITIALIZED_AUTOS = YES_AGGRESSIVE;
				GCC_WARN_UNUSED_FUNCTION = YES;
				GCC_WARN_UNUSED_VARIABLE = YES;
				IPHONEOS_DEPLOYMENT_TARGET = 18.5;
				LOCALIZATION_PREFERS_STRING_CATALOGS = YES;
				MTL_ENABLE_DEBUG_INFO = INCLUDE_SOURCE;
				MTL_FAST_MATH = YES;
				ONLY_ACTIVE_ARCH = YES;
				SDKROOT = iphoneos;
				SWIFT_ACTIVE_COMPILATION_CONDITIONS = "DEBUG $(inherited)";
				SWIFT_OPTIMIZATION_LEVEL = "-Onone";
			};
			name = Debug;
		};
		BF11FF802E3DCA3300F556C0 /* Release */ = {
			isa = XCBuildConfiguration;
			buildSettings = {
				ALWAYS_SEARCH_USER_PATHS = NO;
				ASSETCATALOG_COMPILER_GENERATE_SWIFT_ASSET_SYMBOL_EXTENSIONS = YES;
				CLANG_ANALYZER_NONNULL = YES;
				CLANG_ANALYZER_NUMBER_OBJECT_CONVERSION = YES_AGGRESSIVE;
				CLANG_CXX_LANGUAGE_STANDARD = "gnu++20";
				CLANG_ENABLE_MODULES = YES;
				CLANG_ENABLE_OBJC_ARC = YES;
				CLANG_ENABLE_OBJC_WEAK = YES;
				CLANG_WARN_BLOCK_CAPTURE_AUTORELEASING = YES;
				CLANG_WARN_BOOL_CONVERSION = YES;
				CLANG_WARN_COMMA = YES;
				CLANG_WARN_CONSTANT_CONVERSION = YES;
				CLANG_WARN_DEPRECATED_OBJC_IMPLEMENTATIONS = YES;
				CLANG_WARN_DIRECT_OBJC_ISA_USAGE = YES_ERROR;
				CLANG_WARN_DOCUMENTATION_COMMENTS = YES;
				CLANG_WARN_EMPTY_BODY = YES;
				CLANG_WARN_ENUM_CONVERSION = YES;
				CLANG_WARN_INFINITE_RECURSION = YES;
				CLANG_WARN_INT_CONVERSION = YES;
				CLANG_WARN_NON_LITERAL_NULL_CONVERSION = YES;
				CLANG_WARN_OBJC_IMPLICIT_RETAIN_SELF = YES;
				CLANG_WARN_OBJC_LITERAL_CONVERSION = YES;
				CLANG_WARN_OBJC_ROOT_CLASS = YES_ERROR;
				CLANG_WARN_QUOTED_INCLUDE_IN_FRAMEWORK_HEADER = YES;
				CLANG_WARN_RANGE_LOOP_ANALYSIS = YES;
				CLANG_WARN_STRICT_PROTOTYPES = YES;
				CLANG_WARN_SUSPICIOUS_MOVE = YES;
				CLANG_WARN_UNGUARDED_AVAILABILITY = YES_AGGRESSIVE;
				CLANG_WARN_UNREACHABLE_CODE = YES;
				CLANG_WARN__DUPLICATE_METHOD_MATCH = YES;
				COPY_PHASE_STRIP = NO;
				DEBUG_INFORMATION_FORMAT = "dwarf-with-dsym";
				DEVELOPMENT_TEAM = BMZMVWGL7D;
				ENABLE_NS_ASSERTIONS = NO;
				ENABLE_STRICT_OBJC_MSGSEND = YES;
				ENABLE_USER_SCRIPT_SANDBOXING = YES;
				GCC_C_LANGUAGE_STANDARD = gnu17;
				GCC_NO_COMMON_BLOCKS = YES;
				GCC_WARN_64_TO_32_BIT_CONVERSION = YES;
				GCC_WARN_ABOUT_RETURN_TYPE = YES_ERROR;
				GCC_WARN_UNDECLARED_SELECTOR = YES;
				GCC_WARN_UNINITIALIZED_AUTOS = YES_AGGRESSIVE;
				GCC_WARN_UNUSED_FUNCTION = YES;
				GCC_WARN_UNUSED_VARIABLE = YES;
				IPHONEOS_DEPLOYMENT_TARGET = 18.5;
				LOCALIZATION_PREFERS_STRING_CATALOGS = YES;
				MTL_ENABLE_DEBUG_INFO = NO;
				MTL_FAST_MATH = YES;
				SDKROOT = iphoneos;
				SWIFT_COMPILATION_MODE = wholemodule;
				VALIDATE_PRODUCT = YES;
			};
			name = Release;
		};
		BF11FF822E3DCA3300F556C0 /* Debug */ = {
			isa = XCBuildConfiguration;
			buildSettings = {
				ASSETCATALOG_COMPILER_APPICON_NAME = AppIcon;
				ASSETCATALOG_COMPILER_GLOBAL_ACCENT_COLOR_NAME = AccentColor;
				CODE_SIGN_STYLE = Automatic;
				CURRENT_PROJECT_VERSION = 1;
				DEVELOPMENT_TEAM = BMZMVWGL7D;
				ENABLE_PREVIEWS = YES;
				GENERATE_INFOPLIST_FILE = YES;
				INFOPLIST_KEY_UIApplicationSceneManifest_Generation = YES;
				INFOPLIST_KEY_UIApplicationSupportsIndirectInputEvents = YES;
				INFOPLIST_KEY_UILaunchScreen_Generation = YES;
				INFOPLIST_KEY_UISupportedInterfaceOrientations_iPad = "UIInterfaceOrientationPortrait UIInterfaceOrientationPortraitUpsideDown UIInterfaceOrientationLandscapeLeft UIInterfaceOrientationLandscapeRight";
				INFOPLIST_KEY_UISupportedInterfaceOrientations_iPhone = "UIInterfaceOrientationPortrait UIInterfaceOrientationLandscapeLeft UIInterfaceOrientationLandscapeRight";
				LD_RUNPATH_SEARCH_PATHS = (
					"$(inherited)",
					"@executable_path/Frameworks",
				);
				MARKETING_VERSION = 1.0;
				PRODUCT_BUNDLE_IDENTIFIER = com.vincent.ChargerScheduler;
				PRODUCT_NAME = "$(TARGET_NAME)";
				SWIFT_EMIT_LOC_STRINGS = YES;
				SWIFT_VERSION = 5.0;
				TARGETED_DEVICE_FAMILY = "1,2";
			};
			name = Debug;
		};
		BF11FF832E3DCA3300F556C0 /* Release */ = {
			isa = XCBuildConfiguration;
			buildSettings = {
				ASSETCATALOG_COMPILER_APPICON_NAME = AppIcon;
				ASSETCATALOG_COMPILER_GLOBAL_ACCENT_COLOR_NAME = AccentColor;
				CODE_SIGN_STYLE = Automatic;
				CURRENT_PROJECT_VERSION = 1;
				DEVELOPMENT_TEAM = BMZMVWGL7D;
				ENABLE_PREVIEWS = YES;
				GENERATE_INFOPLIST_FILE = YES;
				INFOPLIST_KEY_UIApplicationSceneManifest_Generation = YES;
				INFOPLIST_KEY_UIApplicationSupportsIndirectInputEvents = YES;
				INFOPLIST_KEY_UILaunchScreen_Generation = YES;
				INFOPLIST_KEY_UISupportedInterfaceOrientations_iPad = "UIInterfaceOrientationPortrait UIInterfaceOrientationPortraitUpsideDown UIInterfaceOrientationLandscapeLeft UIInterfaceOrientationLandscapeRight";
				INFOPLIST_KEY_UISupportedInterfaceOrientations_iPhone = "UIInterfaceOrientationPortrait UIInterfaceOrientationLandscapeLeft UIInterfaceOrientationLandscapeRight";
				LD_RUNPATH_SEARCH_PATHS = (
					"$(inherited)",
					"@executable_path/Frameworks",
				);
				MARKETING_VERSION = 1.0;
				PRODUCT_BUNDLE_IDENTIFIER = com.vincent.ChargerScheduler;
				PRODUCT_NAME = "$(TARGET_NAME)";
				SWIFT_EMIT_LOC_STRINGS = YES;
				SWIFT_VERSION = 5.0;
				TARGETED_DEVICE_FAMILY = "1,2";
			};
			name = Release;
		};
		BF11FF852E3DCA3300F556C0 /* Debug */ = {
			isa = XCBuildConfiguration;
			buildSettings = {
				BUNDLE_LOADER = "$(TEST_HOST)";
				CODE_SIGN_STYLE = Automatic;
				CURRENT_PROJECT_VERSION = 1;
				DEVELOPMENT_TEAM = BMZMVWGL7D;
				GENERATE_INFOPLIST_FILE = YES;
				IPHONEOS_DEPLOYMENT_TARGET = 18.5;
				MARKETING_VERSION = 1.0;
				PRODUCT_BUNDLE_IDENTIFIER = com.vincent.ChargerSchedulerTests;
				PRODUCT_NAME = "$(TARGET_NAME)";
				SWIFT_EMIT_LOC_STRINGS = NO;
				SWIFT_VERSION = 5.0;
				TARGETED_DEVICE_FAMILY = "1,2";
				TEST_HOST = "$(BUILT_PRODUCTS_DIR)/ChargerScheduler.app/$(BUNDLE_EXECUTABLE_FOLDER_PATH)/ChargerScheduler";
			};
			name = Debug;
		};
		BF11FF862E3DCA3300F556C0 /* Release */ = {
			isa = XCBuildConfiguration;
			buildSettings = {
				BUNDLE_LOADER = "$(TEST_HOST)";
				CODE_SIGN_STYLE = Automatic;
				CURRENT_PROJECT_VERSION = 1;
				DEVELOPMENT_TEAM = BMZMVWGL7D;
				GENERATE_INFOPLIST_FILE = YES;
				IPHONEOS_DEPLOYMENT_TARGET = 18.5;
				MARKETING_VERSION = 1.0;
				PRODUCT_BUNDLE_IDENTIFIER = com.vincent.ChargerSchedulerTests;
				PRODUCT_NAME = "$(TARGET_NAME)";
				SWIFT_EMIT_LOC_STRINGS = NO;
				SWIFT_VERSION = 5.0;
				TARGETED_DEVICE_FAMILY = "1,2";
				TEST_HOST = "$(BUILT_PRODUCTS_DIR)/ChargerScheduler.app/$(BUNDLE_EXECUTABLE_FOLDER_PATH)/ChargerScheduler";
			};
			name = Release;
		};
		BF11FF882E3DCA3300F556C0 /* Debug */ = {
			isa = XCBuildConfiguration;
			buildSettings = {
				CODE_SIGN_STYLE = Automatic;
				CURRENT_PROJECT_VERSION = 1;
				DEVELOPMENT_TEAM = BMZMVWGL7D;
				GENERATE_INFOPLIST_FILE = YES;
				MARKETING_VERSION = 1.0;
				PRODUCT_BUNDLE_IDENTIFIER = com.vincent.ChargerSchedulerUITests;
				PRODUCT_NAME = "$(TARGET_NAME)";
				SWIFT_EMIT_LOC_STRINGS = NO;
				SWIFT_VERSION = 5.0;
				TARGETED_DEVICE_FAMILY = "1,2";
				TEST_TARGET_NAME = ChargerScheduler;
			};
			name = Debug;
		};
		BF11FF892E3DCA3300F556C0 /* Release */ = {
			isa = XCBuildConfiguration;
			buildSettings = {
				CODE_SIGN_STYLE = Automatic;
				CURRENT_PROJECT_VERSION = 1;
				DEVELOPMENT_TEAM = BMZMVWGL7D;
				GENERATE_INFOPLIST_FILE = YES;
				MARKETING_VERSION = 1.0;
				PRODUCT_BUNDLE_IDENTIFIER = com.vincent.ChargerSchedulerUITests;
				PRODUCT_NAME = "$(TARGET_NAME)";
				SWIFT_EMIT_LOC_STRINGS = NO;
				SWIFT_VERSION = 5.0;
				TARGETED_DEVICE_FAMILY = "1,2";
				TEST_TARGET_NAME = ChargerScheduler;
			};
			name = Release;
		};
/* End XCBuildConfiguration section */

/* Begin XCConfigurationList section */
		BF11FF5B2E3DCA3100F556C0 /* Build configuration list for PBXProject "ChargerScheduler" */ = {
			isa = XCConfigurationList;
			buildConfigurations = (
				BF11FF7F2E3DCA3300F556C0 /* Debug */,
				BF11FF802E3DCA3300F556C0 /* Release */,
			);
			defaultConfigurationIsVisible = 0;
			defaultConfigurationName = Release;
		};
		BF11FF812E3DCA3300F556C0 /* Build configuration list for PBXNativeTarget "ChargerScheduler" */ = {
			isa = XCConfigurationList;
			buildConfigurations = (
				BF11FF822E3DCA3300F556C0 /* Debug */,
				BF11FF832E3DCA3300F556C0 /* Release */,
			);
			defaultConfigurationIsVisible = 0;
			defaultConfigurationName = Release;
		};
		BF11FF842E3DCA3300F556C0 /* Build configuration list for PBXNativeTarget "ChargerSchedulerTests" */ = {
			isa = XCConfigurationList;
			buildConfigurations = (
				BF11FF852E3DCA3300F556C0 /* Debug */,
				BF11FF862E3DCA3300F556C0 /* Release */,
			);
			defaultConfigurationIsVisible = 0;
			defaultConfigurationName = Release;
		};
		BF11FF872E3DCA3300F556C0 /* Build configuration list for PBXNativeTarget "ChargerSchedulerUITests" */ = {
			isa = XCConfigurationList;
			buildConfigurations = (
				BF11FF882E3DCA3300F556C0 /* Debug */,
				BF11FF892E3DCA3300F556C0 /* Release */,
			);
			defaultConfigurationIsVisible = 0;
			defaultConfigurationName = Release;
		};
/* End XCConfigurationList section */
	};
	rootObject = BF11FF582E3DCA3100F556C0 /* Project object */;
}
